Microsoft Visual Studio Solution File, Format Version 12.00
Project("{39ee579b-8295-457c-ab45-98e8ab24a58e}") = "UsrRealty", "..\packages\UsrRealty\Files\UsrRealty.csproj", "{4716cdac-e253-4f86-97fd-78dc1afdd941}"
EndProject
Global
	GlobalSection(SolutionConfigurationPlatforms) = preSolution
		Debug|Any CPU = Debug|Any CPU
		Release|Any CPU = Release|Any CPU
	EndGlobalSection
	GlobalSection(ProjectConfigurationPlatforms) = postSolution
			{4716cdac-e253-4f86-97fd-78dc1afdd941}.Debug|Any CPU.ActiveCfg = Debug|Any CPU
			{4716cdac-e253-4f86-97fd-78dc1afdd941}.Debug|Any CPU.Build.0 = Debug|Any CPU
			{4716cdac-e253-4f86-97fd-78dc1afdd941}.Release|Any CPU.ActiveCfg = Release|Any CPU
			{4716cdac-e253-4f86-97fd-78dc1afdd941}.Release|Any CPU.Build.0 = Release|Any CPU
	EndGlobalSection
EndGlobal
