Microsoft Visual Studio Solution File, Format Version 12.00
Project("{fc4353da-2468-43e5-ad9d-548e567b85ad}") = "UsrRealty", "..\packages\UsrRealty\Files\UsrRealty.csproj", "{0656f904-7f0f-4db8-bccd-fc795951fb1b}"
EndProject
Global
	GlobalSection(SolutionConfigurationPlatforms) = preSolution
		Debug|Any CPU = Debug|Any CPU
		Release|Any CPU = Release|Any CPU
	EndGlobalSection
	GlobalSection(ProjectConfigurationPlatforms) = postSolution
			{0656f904-7f0f-4db8-bccd-fc795951fb1b}.Debug|Any CPU.ActiveCfg = Debug|Any CPU
			{0656f904-7f0f-4db8-bccd-fc795951fb1b}.Debug|Any CPU.Build.0 = Debug|Any CPU
			{0656f904-7f0f-4db8-bccd-fc795951fb1b}.Release|Any CPU.ActiveCfg = Release|Any CPU
			{0656f904-7f0f-4db8-bccd-fc795951fb1b}.Release|Any CPU.Build.0 = Release|Any CPU
	EndGlobalSection
EndGlobal
